
Microsoft Visual Studio Solution File, Format Version 12.00
# Visual Studio Version 16
VisualStudioVersion = 16.0.30709.64
MinimumVisualStudioVersion = 10.0.40219.1
Project("{9A19103F-16F7-4668-BE54-9A1E7A4F7556}") = "SBotWPF", "DiscordBotWPF\SBotWPF.csproj", "{FA1FAB50-C776-4A77-8770-36B77C13A48D}"
EndProject
Global
	GlobalSection(SolutionConfigurationPlatforms) = preSolution
		Debug|Any CPU = Debug|Any CPU
		Release|Any CPU = Release|Any CPU
	EndGlobalSection
	GlobalSection(ProjectConfigurationPlatforms) = postSolution
		{FA1FAB50-C776-4A77-8770-36B77C13A48D}.Debug|Any CPU.ActiveCfg = Debug|Any CPU
		{FA1FAB50-C776-4A77-8770-36B77C13A48D}.Debug|Any CPU.Build.0 = Debug|Any CPU
		{FA1FAB50-C776-4A77-8770-36B77C13A48D}.Release|Any CPU.ActiveCfg = Release|Any CPU
		{FA1FAB50-C776-4A77-8770-36B77C13A48D}.Release|Any CPU.Build.0 = Release|Any CPU
	EndGlobalSection
	GlobalSection(SolutionProperties) = preSolution
		HideSolutionNode = FALSE
	EndGlobalSection
	GlobalSection(ExtensibilityGlobals) = postSolution
		SolutionGuid = {20C9D867-DA26-441D-9552-1BAD3D771E95}
	EndGlobalSection
EndGlobal
